// !$*UTF8*$!
{
	archiveVersion = 1;
	classes = {
	};
	objectVersion = 50;
	objects = {

/* Begin PBXBuildFile section */
		6DAE138F2721A8B1004FF623 /* AppDelegate.swift in Sources */ = {isa = PBXBuildFile; fileRef = 6DAE138E2721A8B1004FF623 /* AppDelegate.swift */; };
		6DAE13912721A8B1004FF623 /* SceneDelegate.swift in Sources */ = {isa = PBXBuildFile; fileRef = 6DAE13902721A8B1004FF623 /* SceneDelegate.swift */; };
		6DAE13932721A8B1004FF623 /* ContentView.swift in Sources */ = {isa = PBXBuildFile; fileRef = 6DAE13922721A8B1004FF623 /* ContentView.swift */; };
		6DAE13952721A8B5004FF623 /* Assets.xcassets in Resources */ = {isa = PBXBuildFile; fileRef = 6DAE13942721A8B5004FF623 /* Assets.xcassets */; };
		6DAE13982721A8B5004FF623 /* Preview Assets.xcassets in Resources */ = {isa = PBXBuildFile; fileRef = 6DAE13972721A8B5004FF623 /* Preview Assets.xcassets */; };
		6DAE139B2721A8B5004FF623 /* LaunchScreen.storyboard in Resources */ = {isa = PBXBuildFile; fileRef = 6DAE13992721A8B5004FF623 /* LaunchScreen.storyboard */; };
		6DAE13A62721A8B5004FF623 /* YoutubeVideoListAppTests.swift in Sources */ = {isa = PBXBuildFile; fileRef = 6DAE13A52721A8B5004FF623 /* YoutubeVideoListAppTests.swift */; };
		6DAE13B12721A8B6004FF623 /* YoutubeVideoListAppUITests.swift in Sources */ = {isa = PBXBuildFile; fileRef = 6DAE13B02721A8B6004FF623 /* YoutubeVideoListAppUITests.swift */; };
/* End PBXBuildFile section */

/* Begin PBXContainerItemProxy section */
		6DAE13A22721A8B5004FF623 /* PBXContainerItemProxy */ = {
			isa = PBXContainerItemProxy;
			containerPortal = 6DAE13832721A8B0004FF623 /* Project object */;
			proxyType = 1;
			remoteGlobalIDString = 6DAE138A2721A8B1004FF623;
			remoteInfo = YoutubeVideoListApp;
		};
		6DAE13AD2721A8B6004FF623 /* PBXContainerItemProxy */ = {
			isa = PBXContainerItemProxy;
			containerPortal = 6DAE13832721A8B0004FF623 /* Project object */;
			proxyType = 1;
			remoteGlobalIDString = 6DAE138A2721A8B1004FF623;
			remoteInfo = YoutubeVideoListApp;
		};
/* End PBXContainerItemProxy section */

/* Begin PBXFileReference section */
		6DAE138B2721A8B1004FF623 /* YoutubeVideoListApp.app */ = {isa = PBXFileReference; explicitFileType = wrapper.application; includeInIndex = 0; path = YoutubeVideoListApp.app; sourceTree = BUILT_PRODUCTS_DIR; };
		6DAE138E2721A8B1004FF623 /* AppDelegate.swift */ = {isa = PBXFileReference; lastKnownFileType = sourcecode.swift; path = AppDelegate.swift; sourceTree = "<group>"; };
		6DAE13902721A8B1004FF623 /* SceneDelegate.swift */ = {isa = PBXFileReference; lastKnownFileType = sourcecode.swift; path = SceneDelegate.swift; sourceTree = "<group>"; };
		6DAE13922721A8B1004FF623 /* ContentView.swift */ = {isa = PBXFileReference; lastKnownFileType = sourcecode.swift; path = ContentView.swift; sourceTree = "<group>"; };
		6DAE13942721A8B5004FF623 /* Assets.xcassets */ = {isa = PBXFileReference; lastKnownFileType = folder.assetcatalog; path = Assets.xcassets; sourceTree = "<group>"; };
		6DAE13972721A8B5004FF623 /* Preview Assets.xcassets */ = {isa = PBXFileReference; lastKnownFileType = folder.assetcatalog; path = "Preview Assets.xcassets"; sourceTree = "<group>"; };
		6DAE139A2721A8B5004FF623 /* Base */ = {isa = PBXFileReference; lastKnownFileType = file.storyboard; name = Base; path = Base.lproj/LaunchScreen.storyboard; sourceTree = "<group>"; };
		6DAE139C2721A8B5004FF623 /* Info.plist */ = {isa = PBXFileReference; lastKnownFileType = text.plist.xml; path = Info.plist; sourceTree = "<group>"; };
		6DAE13A12721A8B5004FF623 /* YoutubeVideoListAppTests.xctest */ = {isa = PBXFileReference; explicitFileType = wrapper.cfbundle; includeInIndex = 0; path = YoutubeVideoListAppTests.xctest; sourceTree = BUILT_PRODUCTS_DIR; };
		6DAE13A52721A8B5004FF623 /* YoutubeVideoListAppTests.swift */ = {isa = PBXFileReference; lastKnownFileType = sourcecode.swift; path = YoutubeVideoListAppTests.swift; sourceTree = "<group>"; };
		6DAE13A72721A8B5004FF623 /* Info.plist */ = {isa = PBXFileReference; lastKnownFileType = text.plist.xml; path = Info.plist; sourceTree = "<group>"; };
		6DAE13AC2721A8B5004FF623 /* YoutubeVideoListAppUITests.xctest */ = {isa = PBXFileReference; explicitFileType = wrapper.cfbundle; includeInIndex = 0; path = YoutubeVideoListAppUITests.xctest; sourceTree = BUILT_PRODUCTS_DIR; };
		6DAE13B02721A8B6004FF623 /* YoutubeVideoListAppUITests.swift */ = {isa = PBXFileReference; lastKnownFileType = sourcecode.swift; path = YoutubeVideoListAppUITests.swift; sourceTree = "<group>"; };
		6DAE13B22721A8B6004FF623 /* Info.plist */ = {isa = PBXFileReference; lastKnownFileType = text.plist.xml; path = Info.plist; sourceTree = "<group>"; };
/* End PBXFileReference section */

/* Begin PBXFrameworksBuildPhase section */
		6DAE13882721A8B1004FF623 /* Frameworks */ = {
			isa = PBXFrameworksBuildPhase;
			buildActionMask = 2147483647;
			files = (
			);
			runOnlyForDeploymentPostprocessing = 0;
		};
		6DAE139E2721A8B5004FF623 /* Frameworks */ = {
			isa = PBXFrameworksBuildPhase;
			buildActionMask = 2147483647;
			files = (
			);
			runOnlyForDeploymentPostprocessing = 0;
		};
		6DAE13A92721A8B5004FF623 /* Frameworks */ = {
			isa = PBXFrameworksBuildPhase;
			buildActionMask = 2147483647;
			files = (
			);
			runOnlyForDeploymentPostprocessing = 0;
		};
/* End PBXFrameworksBuildPhase section */

/* Begin PBXGroup section */
		6DAE13822721A8B0004FF623 = {
			isa = PBXGroup;
			children = (
				6DAE138D2721A8B1004FF623 /* YoutubeVideoListApp */,
				6DAE13A42721A8B5004FF623 /* YoutubeVideoListAppTests */,
				6DAE13AF2721A8B6004FF623 /* YoutubeVideoListAppUITests */,
				6DAE138C2721A8B1004FF623 /* Products */,
			);
			sourceTree = "<group>";
		};
		6DAE138C2721A8B1004FF623 /* Products */ = {
			isa = PBXGroup;
			children = (
				6DAE138B2721A8B1004FF623 /* YoutubeVideoListApp.app */,
				6DAE13A12721A8B5004FF623 /* YoutubeVideoListAppTests.xctest */,
				6DAE13AC2721A8B5004FF623 /* YoutubeVideoListAppUITests.xctest */,
			);
			name = Products;
			sourceTree = "<group>";
		};
		6DAE138D2721A8B1004FF623 /* YoutubeVideoListApp */ = {
			isa = PBXGroup;
			children = (
				6DAE138E2721A8B1004FF623 /* AppDelegate.swift */,
				6DAE13902721A8B1004FF623 /* SceneDelegate.swift */,
				6DAE13922721A8B1004FF623 /* ContentView.swift */,
				6DAE13942721A8B5004FF623 /* Assets.xcassets */,
				6DAE13992721A8B5004FF623 /* LaunchScreen.storyboard */,
				6DAE139C2721A8B5004FF623 /* Info.plist */,
				6DAE13962721A8B5004FF623 /* Preview Content */,
			);
			path = YoutubeVideoListApp;
			sourceTree = "<group>";
		};
		6DAE13962721A8B5004FF623 /* Preview Content */ = {
			isa = PBXGroup;
			children = (
				6DAE13972721A8B5004FF623 /* Preview Assets.xcassets */,
			);
			path = "Preview Content";
			sourceTree = "<group>";
		};
		6DAE13A42721A8B5004FF623 /* YoutubeVideoListAppTests */ = {
			isa = PBXGroup;
			children = (
				6DAE13A52721A8B5004FF623 /* YoutubeVideoListAppTests.swift */,
				6DAE13A72721A8B5004FF623 /* Info.plist */,
			);
			path = YoutubeVideoListAppTests;
			sourceTree = "<group>";
		};
		6DAE13AF2721A8B6004FF623 /* YoutubeVideoListAppUITests */ = {
			isa = PBXGroup;
			children = (
				6DAE13B02721A8B6004FF623 /* YoutubeVideoListAppUITests.swift */,
				6DAE13B22721A8B6004FF623 /* Info.plist */,
			);
			path = YoutubeVideoListAppUITests;
			sourceTree = "<group>";
		};
/* End PBXGroup section */

/* Begin PBXNativeTarget section */
		6DAE138A2721A8B1004FF623 /* YoutubeVideoListApp */ = {
			isa = PBXNativeTarget;
			buildConfigurationList = 6DAE13B52721A8B6004FF623 /* Build configuration list for PBXNativeTarget "YoutubeVideoListApp" */;
			buildPhases = (
				6DAE13872721A8B1004FF623 /* Sources */,
				6DAE13882721A8B1004FF623 /* Frameworks */,
				6DAE13892721A8B1004FF623 /* Resources */,
			);
			buildRules = (
			);
			dependencies = (
			);
			name = YoutubeVideoListApp;
			productName = YoutubeVideoListApp;
			productReference = 6DAE138B2721A8B1004FF623 /* YoutubeVideoListApp.app */;
			productType = "com.apple.product-type.application";
		};
		6DAE13A02721A8B5004FF623 /* YoutubeVideoListAppTests */ = {
			isa = PBXNativeTarget;
			buildConfigurationList = 6DAE13B82721A8B6004FF623 /* Build configuration list for PBXNativeTarget "YoutubeVideoListAppTests" */;
			buildPhases = (
				6DAE139D2721A8B5004FF623 /* Sources */,
				6DAE139E2721A8B5004FF623 /* Frameworks */,
				6DAE139F2721A8B5004FF623 /* Resources */,
			);
			buildRules = (
			);
			dependencies = (
				6DAE13A32721A8B5004FF623 /* PBXTargetDependency */,
			);
			name = YoutubeVideoListAppTests;
			productName = YoutubeVideoListAppTests;
			productReference = 6DAE13A12721A8B5004FF623 /* YoutubeVideoListAppTests.xctest */;
			productType = "com.apple.product-type.bundle.unit-test";
		};
		6DAE13AB2721A8B5004FF623 /* YoutubeVideoListAppUITests */ = {
			isa = PBXNativeTarget;
			buildConfigurationList = 6DAE13BB2721A8B6004FF623 /* Build configuration list for PBXNativeTarget "YoutubeVideoListAppUITests" */;
			buildPhases = (
				6DAE13A82721A8B5004FF623 /* Sources */,
				6DAE13A92721A8B5004FF623 /* Frameworks */,
				6DAE13AA2721A8B5004FF623 /* Resources */,
			);
			buildRules = (
			);
			dependencies = (
				6DAE13AE2721A8B6004FF623 /* PBXTargetDependency */,
			);
			name = YoutubeVideoListAppUITests;
			productName = YoutubeVideoListAppUITests;
			productReference = 6DAE13AC2721A8B5004FF623 /* YoutubeVideoListAppUITests.xctest */;
			productType = "com.apple.product-type.bundle.ui-testing";
		};
/* End PBXNativeTarget section */

/* Begin PBXProject section */
		6DAE13832721A8B0004FF623 /* Project object */ = {
			isa = PBXProject;
			attributes = {
				LastSwiftUpdateCheck = 1250;
				LastUpgradeCheck = 1250;
				TargetAttributes = {
					6DAE138A2721A8B1004FF623 = {
						CreatedOnToolsVersion = 12.5.1;
					};
					6DAE13A02721A8B5004FF623 = {
						CreatedOnToolsVersion = 12.5.1;
						TestTargetID = 6DAE138A2721A8B1004FF623;
					};
					6DAE13AB2721A8B5004FF623 = {
						CreatedOnToolsVersion = 12.5.1;
						TestTargetID = 6DAE138A2721A8B1004FF623;
					};
				};
			};
			buildConfigurationList = 6DAE13862721A8B0004FF623 /* Build configuration list for PBXProject "YoutubeVideoListApp" */;
			compatibilityVersion = "Xcode 9.3";
			developmentRegion = en;
			hasScannedForEncodings = 0;
			knownRegions = (
				en,
				Base,
			);
			mainGroup = 6DAE13822721A8B0004FF623;
			productRefGroup = 6DAE138C2721A8B1004FF623 /* Products */;
			projectDirPath = "";
			projectRoot = "";
			targets = (
				6DAE138A2721A8B1004FF623 /* YoutubeVideoListApp */,
				6DAE13A02721A8B5004FF623 /* YoutubeVideoListAppTests */,
				6DAE13AB2721A8B5004FF623 /* YoutubeVideoListAppUITests */,
			);
		};
/* End PBXProject section */

/* Begin PBXResourcesBuildPhase section */
		6DAE13892721A8B1004FF623 /* Resources */ = {
			isa = PBXResourcesBuildPhase;
			buildActionMask = 2147483647;
			files = (
				6DAE139B2721A8B5004FF623 /* LaunchScreen.storyboard in Resources */,
				6DAE13982721A8B5004FF623 /* Preview Assets.xcassets in Resources */,
				6DAE13952721A8B5004FF623 /* Assets.xcassets in Resources */,
			);
			runOnlyForDeploymentPostprocessing = 0;
		};
		6DAE139F2721A8B5004FF623 /* Resources */ = {
			isa = PBXResourcesBuildPhase;
			buildActionMask = 2147483647;
			files = (
			);
			runOnlyForDeploymentPostprocessing = 0;
		};
		6DAE13AA2721A8B5004FF623 /* Resources */ = {
			isa = PBXResourcesBuildPhase;
			buildActionMask = 2147483647;
			files = (
			);
			runOnlyForDeploymentPostprocessing = 0;
		};
/* End PBXResourcesBuildPhase section */

/* Begin PBXSourcesBuildPhase section */
		6DAE13872721A8B1004FF623 /* Sources */ = {
			isa = PBXSourcesBuildPhase;
			buildActionMask = 2147483647;
			files = (
				6DAE138F2721A8B1004FF623 /* AppDelegate.swift in Sources */,
				6DAE13912721A8B1004FF623 /* SceneDelegate.swift in Sources */,
				6DAE13932721A8B1004FF623 /* ContentView.swift in Sources */,
			);
			runOnlyForDeploymentPostprocessing = 0;
		};
		6DAE139D2721A8B5004FF623 /* Sources */ = {
			isa = PBXSourcesBuildPhase;
			buildActionMask = 2147483647;
			files = (
				6DAE13A62721A8B5004FF623 /* YoutubeVideoListAppTests.swift in Sources */,
			);
			runOnlyForDeploymentPostprocessing = 0;
		};
		6DAE13A82721A8B5004FF623 /* Sources */ = {
			isa = PBXSourcesBuildPhase;
			buildActionMask = 2147483647;
			files = (
				6DAE13B12721A8B6004FF623 /* YoutubeVideoListAppUITests.swift in Sources */,
			);
			runOnlyForDeploymentPostprocessing = 0;
		};
/* End PBXSourcesBuildPhase section */

/* Begin PBXTargetDependency section */
		6DAE13A32721A8B5004FF623 /* PBXTargetDependency */ = {
			isa = PBXTargetDependency;
			target = 6DAE138A2721A8B1004FF623 /* YoutubeVideoListApp */;
			targetProxy = 6DAE13A22721A8B5004FF623 /* PBXContainerItemProxy */;
		};
		6DAE13AE2721A8B6004FF623 /* PBXTargetDependency */ = {
			isa = PBXTargetDependency;
			target = 6DAE138A2721A8B1004FF623 /* YoutubeVideoListApp */;
			targetProxy = 6DAE13AD2721A8B6004FF623 /* PBXContainerItemProxy */;
		};
/* End PBXTargetDependency section */

/* Begin PBXVariantGroup section */
		6DAE13992721A8B5004FF623 /* LaunchScreen.storyboard */ = {
			isa = PBXVariantGroup;
			children = (
				6DAE139A2721A8B5004FF623 /* Base */,
			);
			name = LaunchScreen.storyboard;
			sourceTree = "<group>";
		};
/* End PBXVariantGroup section */

/* Begin XCBuildConfiguration section */
		6DAE13B32721A8B6004FF623 /* Debug */ = {
			isa = XCBuildConfiguration;
			buildSettings = {
				ALWAYS_SEARCH_USER_PATHS = NO;
				CLANG_ANALYZER_NONNULL = YES;
				CLANG_ANALYZER_NUMBER_OBJECT_CONVERSION = YES_AGGRESSIVE;
				CLANG_CXX_LANGUAGE_STANDARD = "gnu++14";
				CLANG_CXX_LIBRARY = "libc++";
				CLANG_ENABLE_MODULES = YES;
				CLANG_ENABLE_OBJC_ARC = YES;
				CLANG_ENABLE_OBJC_WEAK = YES;
				CLANG_WARN_BLOCK_CAPTURE_AUTORELEASING = YES;
				CLANG_WARN_BOOL_CONVERSION = YES;
				CLANG_WARN_COMMA = YES;
				CLANG_WARN_CONSTANT_CONVERSION = YES;
				CLANG_WARN_DEPRECATED_OBJC_IMPLEMENTATIONS = YES;
				CLANG_WARN_DIRECT_OBJC_ISA_USAGE = YES_ERROR;
				CLANG_WARN_DOCUMENTATION_COMMENTS = YES;
				CLANG_WARN_EMPTY_BODY = YES;
				CLANG_WARN_ENUM_CONVERSION = YES;
				CLANG_WARN_INFINITE_RECURSION = YES;
				CLANG_WARN_INT_CONVERSION = YES;
				CLANG_WARN_NON_LITERAL_NULL_CONVERSION = YES;
				CLANG_WARN_OBJC_IMPLICIT_RETAIN_SELF = YES;
				CLANG_WARN_OBJC_LITERAL_CONVERSION = YES;
				CLANG_WARN_OBJC_ROOT_CLASS = YES_ERROR;
				CLANG_WARN_QUOTED_INCLUDE_IN_FRAMEWORK_HEADER = YES;
				CLANG_WARN_RANGE_LOOP_ANALYSIS = YES;
				CLANG_WARN_STRICT_PROTOTYPES = YES;
				CLANG_WARN_SUSPICIOUS_MOVE = YES;
				CLANG_WARN_UNGUARDED_AVAILABILITY = YES_AGGRESSIVE;
				CLANG_WARN_UNREACHABLE_CODE = YES;
				CLANG_WARN__DUPLICATE_METHOD_MATCH = YES;
				COPY_PHASE_STRIP = NO;
				DEBUG_INFORMATION_FORMAT = dwarf;
				ENABLE_STRICT_OBJC_MSGSEND = YES;
				ENABLE_TESTABILITY = YES;
				GCC_C_LANGUAGE_STANDARD = gnu11;
				GCC_DYNAMIC_NO_PIC = NO;
				GCC_NO_COMMON_BLOCKS = YES;
				GCC_OPTIMIZATION_LEVEL = 0;
				GCC_PREPROCESSOR_DEFINITIONS = (
					"DEBUG=1",
					"$(inherited)",
				);
				GCC_WARN_64_TO_32_BIT_CONVERSION = YES;
				GCC_WARN_ABOUT_RETURN_TYPE = YES_ERROR;
				GCC_WARN_UNDECLARED_SELECTOR = YES;
				GCC_WARN_UNINITIALIZED_AUTOS = YES_AGGRESSIVE;
				GCC_WARN_UNUSED_FUNCTION = YES;
				GCC_WARN_UNUSED_VARIABLE = YES;
				IPHONEOS_DEPLOYMENT_TARGET = 14.5;
				MTL_ENABLE_DEBUG_INFO = INCLUDE_SOURCE;
				MTL_FAST_MATH = YES;
				ONLY_ACTIVE_ARCH = YES;
				SDKROOT = iphoneos;
				SWIFT_ACTIVE_COMPILATION_CONDITIONS = DEBUG;
				SWIFT_OPTIMIZATION_LEVEL = "-Onone";
			};
			name = Debug;
		};
		6DAE13B42721A8B6004FF623 /* Release */ = {
			isa = XCBuildConfiguration;
			buildSettings = {
				ALWAYS_SEARCH_USER_PATHS = NO;
				CLANG_ANALYZER_NONNULL = YES;
				CLANG_ANALYZER_NUMBER_OBJECT_CONVERSION = YES_AGGRESSIVE;
				CLANG_CXX_LANGUAGE_STANDARD = "gnu++14";
				CLANG_CXX_LIBRARY = "libc++";
				CLANG_ENABLE_MODULES = YES;
				CLANG_ENABLE_OBJC_ARC = YES;
				CLANG_ENABLE_OBJC_WEAK = YES;
				CLANG_WARN_BLOCK_CAPTURE_AUTORELEASING = YES;
				CLANG_WARN_BOOL_CONVERSION = YES;
				CLANG_WARN_COMMA = YES;
				CLANG_WARN_CONSTANT_CONVERSION = YES;
				CLANG_WARN_DEPRECATED_OBJC_IMPLEMENTATIONS = YES;
				CLANG_WARN_DIRECT_OBJC_ISA_USAGE = YES_ERROR;
				CLANG_WARN_DOCUMENTATION_COMMENTS = YES;
				CLANG_WARN_EMPTY_BODY = YES;
				CLANG_WARN_ENUM_CONVERSION = YES;
				CLANG_WARN_INFINITE_RECURSION = YES;
				CLANG_WARN_INT_CONVERSION = YES;
				CLANG_WARN_NON_LITERAL_NULL_CONVERSION = YES;
				CLANG_WARN_OBJC_IMPLICIT_RETAIN_SELF = YES;
				CLANG_WARN_OBJC_LITERAL_CONVERSION = YES;
				CLANG_WARN_OBJC_ROOT_CLASS = YES_ERROR;
				CLANG_WARN_QUOTED_INCLUDE_IN_FRAMEWORK_HEADER = YES;
				CLANG_WARN_RANGE_LOOP_ANALYSIS = YES;
				CLANG_WARN_STRICT_PROTOTYPES = YES;
				CLANG_WARN_SUSPICIOUS_MOVE = YES;
				CLANG_WARN_UNGUARDED_AVAILABILITY = YES_AGGRESSIVE;
				CLANG_WARN_UNREACHABLE_CODE = YES;
				CLANG_WARN__DUPLICATE_METHOD_MATCH = YES;
				COPY_PHASE_STRIP = NO;
				DEBUG_INFORMATION_FORMAT = "dwarf-with-dsym";
				ENABLE_NS_ASSERTIONS = NO;
				ENABLE_STRICT_OBJC_MSGSEND = YES;
				GCC_C_LANGUAGE_STANDARD = gnu11;
				GCC_NO_COMMON_BLOCKS = YES;
				GCC_WARN_64_TO_32_BIT_CONVERSION = YES;
				GCC_WARN_ABOUT_RETURN_TYPE = YES_ERROR;
				GCC_WARN_UNDECLARED_SELECTOR = YES;
				GCC_WARN_UNINITIALIZED_AUTOS = YES_AGGRESSIVE;
				GCC_WARN_UNUSED_FUNCTION = YES;
				GCC_WARN_UNUSED_VARIABLE = YES;
				IPHONEOS_DEPLOYMENT_TARGET = 14.5;
				MTL_ENABLE_DEBUG_INFO = NO;
				MTL_FAST_MATH = YES;
				SDKROOT = iphoneos;
				SWIFT_COMPILATION_MODE = wholemodule;
				SWIFT_OPTIMIZATION_LEVEL = "-O";
				VALIDATE_PRODUCT = YES;
			};
			name = Release;
		};
		6DAE13B62721A8B6004FF623 /* Debug */ = {
			isa = XCBuildConfiguration;
			buildSettings = {
				ASSETCATALOG_COMPILER_APPICON_NAME = AppIcon;
				ASSETCATALOG_COMPILER_GLOBAL_ACCENT_COLOR_NAME = AccentColor;
				CODE_SIGN_STYLE = Automatic;
				DEVELOPMENT_ASSET_PATHS = "\"YoutubeVideoListApp/Preview Content\"";
				DEVELOPMENT_TEAM = 747CD55EXW;
				ENABLE_PREVIEWS = YES;
				INFOPLIST_FILE = YoutubeVideoListApp/Info.plist;
				LD_RUNPATH_SEARCH_PATHS = (
					"$(inherited)",
					"@executable_path/Frameworks",
				);
				PRODUCT_BUNDLE_IDENTIFIER = com.akaakoz.YoutubeVideoListApp;
				PRODUCT_NAME = "$(TARGET_NAME)";
				SWIFT_VERSION = 5.0;
				TARGETED_DEVICE_FAMILY = "1,2";
			};
			name = Debug;
		};
		6DAE13B72721A8B6004FF623 /* Release */ = {
			isa = XCBuildConfiguration;
			buildSettings = {
				ASSETCATALOG_COMPILER_APPICON_NAME = AppIcon;
				ASSETCATALOG_COMPILER_GLOBAL_ACCENT_COLOR_NAME = AccentColor;
				CODE_SIGN_STYLE = Automatic;
				DEVELOPMENT_ASSET_PATHS = "\"YoutubeVideoListApp/Preview Content\"";
				DEVELOPMENT_TEAM = 747CD55EXW;
				ENABLE_PREVIEWS = YES;
				INFOPLIST_FILE = YoutubeVideoListApp/Info.plist;
				LD_RUNPATH_SEARCH_PATHS = (
					"$(inherited)",
					"@executable_path/Frameworks",
				);
				PRODUCT_BUNDLE_IDENTIFIER = com.akaakoz.YoutubeVideoListApp;
				PRODUCT_NAME = "$(TARGET_NAME)";
				SWIFT_VERSION = 5.0;
				TARGETED_DEVICE_FAMILY = "1,2";
			};
			name = Release;
		};
		6DAE13B92721A8B6004FF623 /* Debug */ = {
			isa = XCBuildConfiguration;
			buildSettings = {
				ALWAYS_EMBED_SWIFT_STANDARD_LIBRARIES = YES;
				BUNDLE_LOADER = "$(TEST_HOST)";
				CODE_SIGN_STYLE = Automatic;
				DEVELOPMENT_TEAM = 747CD55EXW;
				INFOPLIST_FILE = YoutubeVideoListAppTests/Info.plist;
				IPHONEOS_DEPLOYMENT_TARGET = 14.5;
				LD_RUNPATH_SEARCH_PATHS = (
					"$(inherited)",
					"@executable_path/Frameworks",
					"@loader_path/Frameworks",
				);
				PRODUCT_BUNDLE_IDENTIFIER = com.akaakoz.YoutubeVideoListAppTests;
				PRODUCT_NAME = "$(TARGET_NAME)";
				SWIFT_VERSION = 5.0;
				TARGETED_DEVICE_FAMILY = "1,2";
				TEST_HOST = "$(BUILT_PRODUCTS_DIR)/YoutubeVideoListApp.app/YoutubeVideoListApp";
			};
			name = Debug;
		};
		6DAE13BA2721A8B6004FF623 /* Release */ = {
			isa = XCBuildConfiguration;
			buildSettings = {
				ALWAYS_EMBED_SWIFT_STANDARD_LIBRARIES = YES;
				BUNDLE_LOADER = "$(TEST_HOST)";
				CODE_SIGN_STYLE = Automatic;
				DEVELOPMENT_TEAM = 747CD55EXW;
				INFOPLIST_FILE = YoutubeVideoListAppTests/Info.plist;
				IPHONEOS_DEPLOYMENT_TARGET = 14.5;
				LD_RUNPATH_SEARCH_PATHS = (
					"$(inherited)",
					"@executable_path/Frameworks",
					"@loader_path/Frameworks",
				);
				PRODUCT_BUNDLE_IDENTIFIER = com.akaakoz.YoutubeVideoListAppTests;
				PRODUCT_NAME = "$(TARGET_NAME)";
				SWIFT_VERSION = 5.0;
				TARGETED_DEVICE_FAMILY = "1,2";
				TEST_HOST = "$(BUILT_PRODUCTS_DIR)/YoutubeVideoListApp.app/YoutubeVideoListApp";
			};
			name = Release;
		};
		6DAE13BC2721A8B6004FF623 /* Debug */ = {
			isa = XCBuildConfiguration;
			buildSettings = {
				ALWAYS_EMBED_SWIFT_STANDARD_LIBRARIES = YES;
				CODE_SIGN_STYLE = Automatic;
				DEVELOPMENT_TEAM = 747CD55EXW;
				INFOPLIST_FILE = YoutubeVideoListAppUITests/Info.plist;
				LD_RUNPATH_SEARCH_PATHS = (
					"$(inherited)",
					"@executable_path/Frameworks",
					"@loader_path/Frameworks",
				);
				PRODUCT_BUNDLE_IDENTIFIER = com.akaakoz.YoutubeVideoListAppUITests;
				PRODUCT_NAME = "$(TARGET_NAME)";
				SWIFT_VERSION = 5.0;
				TARGETED_DEVICE_FAMILY = "1,2";
				TEST_TARGET_NAME = YoutubeVideoListApp;
			};
			name = Debug;
		};
		6DAE13BD2721A8B6004FF623 /* Release */ = {
			isa = XCBuildConfiguration;
			buildSettings = {
				ALWAYS_EMBED_SWIFT_STANDARD_LIBRARIES = YES;
				CODE_SIGN_STYLE = Automatic;
				DEVELOPMENT_TEAM = 747CD55EXW;
				INFOPLIST_FILE = YoutubeVideoListAppUITests/Info.plist;
				LD_RUNPATH_SEARCH_PATHS = (
					"$(inherited)",
					"@executable_path/Frameworks",
					"@loader_path/Frameworks",
				);
				PRODUCT_BUNDLE_IDENTIFIER = com.akaakoz.YoutubeVideoListAppUITests;
				PRODUCT_NAME = "$(TARGET_NAME)";
				SWIFT_VERSION = 5.0;
				TARGETED_DEVICE_FAMILY = "1,2";
				TEST_TARGET_NAME = YoutubeVideoListApp;
			};
			name = Release;
		};
/* End XCBuildConfiguration section */

/* Begin XCConfigurationList section */
		6DAE13862721A8B0004FF623 /* Build configuration list for PBXProject "YoutubeVideoListApp" */ = {
			isa = XCConfigurationList;
			buildConfigurations = (
				6DAE13B32721A8B6004FF623 /* Debug */,
				6DAE13B42721A8B6004FF623 /* Release */,
			);
			defaultConfigurationIsVisible = 0;
			defaultConfigurationName = Release;
		};
		6DAE13B52721A8B6004FF623 /* Build configuration list for PBXNativeTarget "YoutubeVideoListApp" */ = {
			isa = XCConfigurationList;
			buildConfigurations = (
				6DAE13B62721A8B6004FF623 /* Debug */,
				6DAE13B72721A8B6004FF623 /* Release */,
			);
			defaultConfigurationIsVisible = 0;
			defaultConfigurationName = Release;
		};
		6DAE13B82721A8B6004FF623 /* Build configuration list for PBXNativeTarget "YoutubeVideoListAppTests" */ = {
			isa = XCConfigurationList;
			buildConfigurations = (
				6DAE13B92721A8B6004FF623 /* Debug */,
				6DAE13BA2721A8B6004FF623 /* Release */,
			);
			defaultConfigurationIsVisible = 0;
			defaultConfigurationName = Release;
		};
		6DAE13BB2721A8B6004FF623 /* Build configuration list for PBXNativeTarget "YoutubeVideoListAppUITests" */ = {
			isa = XCConfigurationList;
			buildConfigurations = (
				6DAE13BC2721A8B6004FF623 /* Debug */,
				6DAE13BD2721A8B6004FF623 /* Release */,
			);
			defaultConfigurationIsVisible = 0;
			defaultConfigurationName = Release;
		};
/* End XCConfigurationList section */
	};
	rootObject = 6DAE13832721A8B0004FF623 /* Project object */;
}
